
Microsoft Visual Studio Solution File, Format Version 12.00
# Visual Studio Version 16
VisualStudioVersion = 16.0.30413.136
MinimumVisualStudioVersion = 10.0.40219.1
Project("{FAE04EC0-301F-11D3-BF4B-00C04F79EFBC}") = "Task1", "Task1.csproj", "{9FD871B3-B1B3-497C-A250-50FA9536A351}"
EndProject
Global
	GlobalSection(SolutionConfigurationPlatforms) = preSolution
		Debug|Any CPU = Debug|Any CPU
		Release|Any CPU = Release|Any CPU
	EndGlobalSection
	GlobalSection(ProjectConfigurationPlatforms) = postSolution
		{9FD871B3-B1B3-497C-A250-50FA9536A351}.Debug|Any CPU.ActiveCfg = Debug|Any CPU
		{9FD871B3-B1B3-497C-A250-50FA9536A351}.Debug|Any CPU.Build.0 = Debug|Any CPU
		{9FD871B3-B1B3-497C-A250-50FA9536A351}.Release|Any CPU.ActiveCfg = Release|Any CPU
		{9FD871B3-B1B3-497C-A250-50FA9536A351}.Release|Any CPU.Build.0 = Release|Any CPU
	EndGlobalSection
	GlobalSection(SolutionProperties) = preSolution
		HideSolutionNode = FALSE
	EndGlobalSection
	GlobalSection(ExtensibilityGlobals) = postSolution
		SolutionGuid = {F9AF1661-0EE1-4543-9FE1-0AB0CA894738}
	EndGlobalSection
EndGlobal
